
Microsoft Visual Studio Solution File, Format Version 12.00
# Visual Studio Version 16
VisualStudioVersion = 16.0.29926.136
MinimumVisualStudioVersion = 10.0.40219.1
Project("{FAE04EC0-301F-11D3-BF4B-00C04F79EFBC}") = "0.61", "0.61\0.61.csproj", "{3700A9FD-9672-4193-A6F4-71168BF2165F}"
EndProject
Global
	GlobalSection(SolutionConfigurationPlatforms) = preSolution
		Debug|Any CPU = Debug|Any CPU
		Release|Any CPU = Release|Any CPU
	EndGlobalSection
	GlobalSection(ProjectConfigurationPlatforms) = postSolution
		{3700A9FD-9672-4193-A6F4-71168BF2165F}.Debug|Any CPU.ActiveCfg = Debug|Any CPU
		{3700A9FD-9672-4193-A6F4-71168BF2165F}.Debug|Any CPU.Build.0 = Debug|Any CPU
		{3700A9FD-9672-4193-A6F4-71168BF2165F}.Release|Any CPU.ActiveCfg = Release|Any CPU
		{3700A9FD-9672-4193-A6F4-71168BF2165F}.Release|Any CPU.Build.0 = Release|Any CPU
	EndGlobalSection
	GlobalSection(SolutionProperties) = preSolution
		HideSolutionNode = FALSE
	EndGlobalSection
	GlobalSection(ExtensibilityGlobals) = postSolution
		SolutionGuid = {CFA85479-7B15-4983-BAE6-8F1A771F901D}
	EndGlobalSection
EndGlobal
