
Microsoft Visual Studio Solution File, Format Version 12.00
# Visual Studio Version 16
VisualStudioVersion = 16.0.29926.136
MinimumVisualStudioVersion = 10.0.40219.1
Project("{FAE04EC0-301F-11D3-BF4B-00C04F79EFBC}") = "Associative Arrays - Lab", "Associative Arrays - Lab\Associative Arrays - Lab.csproj", "{B3AF59CA-E7EB-48F0-978D-96D9339F6AF5}"
EndProject
Project("{FAE04EC0-301F-11D3-BF4B-00C04F79EFBC}") = "2. Odd Occurencies", "2. Odd Occurencies\2. Odd Occurencies.csproj", "{FECA3508-BFE3-45BC-8DA3-02C62952179B}"
EndProject
Project("{FAE04EC0-301F-11D3-BF4B-00C04F79EFBC}") = "3. Word Synonyms", "3. Word Synonyms\3. Word Synonyms.csproj", "{EF6B20E6-94A7-433C-A438-295D8F2AFC07}"
EndProject
Project("{FAE04EC0-301F-11D3-BF4B-00C04F79EFBC}") = "4. Largest 3 Numbers", "4. Largest 3 Numbers\4. Largest 3 Numbers.csproj", "{636B95CA-3E36-44AB-B4CA-7DA672C9C012}"
EndProject
Project("{FAE04EC0-301F-11D3-BF4B-00C04F79EFBC}") = "5. Word Filter", "5. Word Filter\5. Word Filter.csproj", "{0765CB85-039C-4EEB-B09E-5139EA549016}"
EndProject
Global
	GlobalSection(SolutionConfigurationPlatforms) = preSolution
		Debug|Any CPU = Debug|Any CPU
		Release|Any CPU = Release|Any CPU
	EndGlobalSection
	GlobalSection(ProjectConfigurationPlatforms) = postSolution
		{B3AF59CA-E7EB-48F0-978D-96D9339F6AF5}.Debug|Any CPU.ActiveCfg = Debug|Any CPU
		{B3AF59CA-E7EB-48F0-978D-96D9339F6AF5}.Debug|Any CPU.Build.0 = Debug|Any CPU
		{B3AF59CA-E7EB-48F0-978D-96D9339F6AF5}.Release|Any CPU.ActiveCfg = Release|Any CPU
		{B3AF59CA-E7EB-48F0-978D-96D9339F6AF5}.Release|Any CPU.Build.0 = Release|Any CPU
		{FECA3508-BFE3-45BC-8DA3-02C62952179B}.Debug|Any CPU.ActiveCfg = Debug|Any CPU
		{FECA3508-BFE3-45BC-8DA3-02C62952179B}.Debug|Any CPU.Build.0 = Debug|Any CPU
		{FECA3508-BFE3-45BC-8DA3-02C62952179B}.Release|Any CPU.ActiveCfg = Release|Any CPU
		{FECA3508-BFE3-45BC-8DA3-02C62952179B}.Release|Any CPU.Build.0 = Release|Any CPU
		{EF6B20E6-94A7-433C-A438-295D8F2AFC07}.Debug|Any CPU.ActiveCfg = Debug|Any CPU
		{EF6B20E6-94A7-433C-A438-295D8F2AFC07}.Debug|Any CPU.Build.0 = Debug|Any CPU
		{EF6B20E6-94A7-433C-A438-295D8F2AFC07}.Release|Any CPU.ActiveCfg = Release|Any CPU
		{EF6B20E6-94A7-433C-A438-295D8F2AFC07}.Release|Any CPU.Build.0 = Release|Any CPU
		{636B95CA-3E36-44AB-B4CA-7DA672C9C012}.Debug|Any CPU.ActiveCfg = Debug|Any CPU
		{636B95CA-3E36-44AB-B4CA-7DA672C9C012}.Debug|Any CPU.Build.0 = Debug|Any CPU
		{636B95CA-3E36-44AB-B4CA-7DA672C9C012}.Release|Any CPU.ActiveCfg = Release|Any CPU
		{636B95CA-3E36-44AB-B4CA-7DA672C9C012}.Release|Any CPU.Build.0 = Release|Any CPU
		{0765CB85-039C-4EEB-B09E-5139EA549016}.Debug|Any CPU.ActiveCfg = Debug|Any CPU
		{0765CB85-039C-4EEB-B09E-5139EA549016}.Debug|Any CPU.Build.0 = Debug|Any CPU
		{0765CB85-039C-4EEB-B09E-5139EA549016}.Release|Any CPU.ActiveCfg = Release|Any CPU
		{0765CB85-039C-4EEB-B09E-5139EA549016}.Release|Any CPU.Build.0 = Release|Any CPU
	EndGlobalSection
	GlobalSection(SolutionProperties) = preSolution
		HideSolutionNode = FALSE
	EndGlobalSection
	GlobalSection(ExtensibilityGlobals) = postSolution
		SolutionGuid = {FE331ED9-3DB1-48F2-88EB-53EB9FD89399}
	EndGlobalSection
EndGlobal
