
Microsoft Visual Studio Solution File, Format Version 12.00
# Visual Studio Version 16
VisualStudioVersion = 16.0.29926.136
MinimumVisualStudioVersion = 10.0.40219.1
Project("{9A19103F-16F7-4668-BE54-9A1E7A4F7556}") = "14. Methods - More exercise", "14. Methods - More exercise\14. Methods - More exercise.csproj", "{0C91FF7F-2676-40E9-8BAD-68E5929B6277}"
EndProject
Project("{9A19103F-16F7-4668-BE54-9A1E7A4F7556}") = "Center Point", "Center Point\Center Point.csproj", "{CC95A65C-455A-466A-9B03-11667301457E}"
EndProject
Project("{FAE04EC0-301F-11D3-BF4B-00C04F79EFBC}") = "Longer line", "Longer line\Longer line.csproj", "{F815E210-1B61-4A2F-8CB2-03542196A76D}"
EndProject
Project("{FAE04EC0-301F-11D3-BF4B-00C04F79EFBC}") = "Tribunaka", "Tribunaka\Tribunaka.csproj", "{7ED3DBBC-7352-46C2-AC18-54F14141B114}"
EndProject
Project("{FAE04EC0-301F-11D3-BF4B-00C04F79EFBC}") = "Multiplication sign", "Multiplication sign\Multiplication sign.csproj", "{F1C8D20C-66CB-401A-8E14-216A5C3276F4}"
EndProject
Global
	GlobalSection(SolutionConfigurationPlatforms) = preSolution
		Debug|Any CPU = Debug|Any CPU
		Release|Any CPU = Release|Any CPU
	EndGlobalSection
	GlobalSection(ProjectConfigurationPlatforms) = postSolution
		{0C91FF7F-2676-40E9-8BAD-68E5929B6277}.Debug|Any CPU.ActiveCfg = Debug|Any CPU
		{0C91FF7F-2676-40E9-8BAD-68E5929B6277}.Debug|Any CPU.Build.0 = Debug|Any CPU
		{0C91FF7F-2676-40E9-8BAD-68E5929B6277}.Release|Any CPU.ActiveCfg = Release|Any CPU
		{0C91FF7F-2676-40E9-8BAD-68E5929B6277}.Release|Any CPU.Build.0 = Release|Any CPU
		{CC95A65C-455A-466A-9B03-11667301457E}.Debug|Any CPU.ActiveCfg = Debug|Any CPU
		{CC95A65C-455A-466A-9B03-11667301457E}.Debug|Any CPU.Build.0 = Debug|Any CPU
		{CC95A65C-455A-466A-9B03-11667301457E}.Release|Any CPU.ActiveCfg = Release|Any CPU
		{CC95A65C-455A-466A-9B03-11667301457E}.Release|Any CPU.Build.0 = Release|Any CPU
		{F815E210-1B61-4A2F-8CB2-03542196A76D}.Debug|Any CPU.ActiveCfg = Debug|Any CPU
		{F815E210-1B61-4A2F-8CB2-03542196A76D}.Debug|Any CPU.Build.0 = Debug|Any CPU
		{F815E210-1B61-4A2F-8CB2-03542196A76D}.Release|Any CPU.ActiveCfg = Release|Any CPU
		{F815E210-1B61-4A2F-8CB2-03542196A76D}.Release|Any CPU.Build.0 = Release|Any CPU
		{7ED3DBBC-7352-46C2-AC18-54F14141B114}.Debug|Any CPU.ActiveCfg = Debug|Any CPU
		{7ED3DBBC-7352-46C2-AC18-54F14141B114}.Debug|Any CPU.Build.0 = Debug|Any CPU
		{7ED3DBBC-7352-46C2-AC18-54F14141B114}.Release|Any CPU.ActiveCfg = Release|Any CPU
		{7ED3DBBC-7352-46C2-AC18-54F14141B114}.Release|Any CPU.Build.0 = Release|Any CPU
		{F1C8D20C-66CB-401A-8E14-216A5C3276F4}.Debug|Any CPU.ActiveCfg = Debug|Any CPU
		{F1C8D20C-66CB-401A-8E14-216A5C3276F4}.Debug|Any CPU.Build.0 = Debug|Any CPU
		{F1C8D20C-66CB-401A-8E14-216A5C3276F4}.Release|Any CPU.ActiveCfg = Release|Any CPU
		{F1C8D20C-66CB-401A-8E14-216A5C3276F4}.Release|Any CPU.Build.0 = Release|Any CPU
	EndGlobalSection
	GlobalSection(SolutionProperties) = preSolution
		HideSolutionNode = FALSE
	EndGlobalSection
	GlobalSection(ExtensibilityGlobals) = postSolution
		SolutionGuid = {E101A414-6C58-446F-89FB-85B8AEBF579F}
	EndGlobalSection
EndGlobal
