
Microsoft Visual Studio Solution File, Format Version 12.00
# Visual Studio Version 16
VisualStudioVersion = 16.0.29926.136
MinimumVisualStudioVersion = 10.0.40219.1
Project("{9A19103F-16F7-4668-BE54-9A1E7A4F7556}") = "Arrays", "Arrays\Arrays.csproj", "{1E5484AC-002E-47D9-8AE8-7699242E195F}"
EndProject
Project("{9A19103F-16F7-4668-BE54-9A1E7A4F7556}") = "2. Numbers in reverse", "2. Numbers in reverse\2. Numbers in reverse.csproj", "{D5603627-0B19-43EC-9AED-292DB0BDD099}"
EndProject
Project("{9A19103F-16F7-4668-BE54-9A1E7A4F7556}") = "3. Rounding numbers", "3. Rounding numbers\3. Rounding numbers.csproj", "{597DED65-D82F-4326-8B40-0890379C2AA7}"
EndProject
Project("{FAE04EC0-301F-11D3-BF4B-00C04F79EFBC}") = "4. Reverse array of strings", "4. Reverse array of strings\4. Reverse array of strings.csproj", "{515B2D1B-00DF-4A85-8FC8-F19FAF43780D}"
EndProject
Project("{FAE04EC0-301F-11D3-BF4B-00C04F79EFBC}") = "5. Sum even numbers", "5. Sum even numbers\5. Sum even numbers.csproj", "{27A2FD6F-C761-4845-93FA-F9904BFEE207}"
EndProject
Project("{FAE04EC0-301F-11D3-BF4B-00C04F79EFBC}") = "6. Even and Odd Substraction", "6. Even and Odd Substraction\6. Even and Odd Substraction.csproj", "{B6DBD954-25E7-424C-8296-78BA7A5A82C9}"
EndProject
Project("{FAE04EC0-301F-11D3-BF4B-00C04F79EFBC}") = "7. Equal arrays", "7. Equal arrays\7. Equal arrays.csproj", "{B2216430-4DE5-4E11-82AF-1EADA414779E}"
EndProject
Project("{FAE04EC0-301F-11D3-BF4B-00C04F79EFBC}") = "7. Condense array to number", "7. Condense array to number\7. Condense array to number.csproj", "{2BEAF2B0-5F8E-4BEB-892C-EF6C10D90EBC}"
EndProject
Global
	GlobalSection(SolutionConfigurationPlatforms) = preSolution
		Debug|Any CPU = Debug|Any CPU
		Release|Any CPU = Release|Any CPU
	EndGlobalSection
	GlobalSection(ProjectConfigurationPlatforms) = postSolution
		{1E5484AC-002E-47D9-8AE8-7699242E195F}.Debug|Any CPU.ActiveCfg = Debug|Any CPU
		{1E5484AC-002E-47D9-8AE8-7699242E195F}.Debug|Any CPU.Build.0 = Debug|Any CPU
		{1E5484AC-002E-47D9-8AE8-7699242E195F}.Release|Any CPU.ActiveCfg = Release|Any CPU
		{1E5484AC-002E-47D9-8AE8-7699242E195F}.Release|Any CPU.Build.0 = Release|Any CPU
		{D5603627-0B19-43EC-9AED-292DB0BDD099}.Debug|Any CPU.ActiveCfg = Debug|Any CPU
		{D5603627-0B19-43EC-9AED-292DB0BDD099}.Debug|Any CPU.Build.0 = Debug|Any CPU
		{D5603627-0B19-43EC-9AED-292DB0BDD099}.Release|Any CPU.ActiveCfg = Release|Any CPU
		{D5603627-0B19-43EC-9AED-292DB0BDD099}.Release|Any CPU.Build.0 = Release|Any CPU
		{597DED65-D82F-4326-8B40-0890379C2AA7}.Debug|Any CPU.ActiveCfg = Debug|Any CPU
		{597DED65-D82F-4326-8B40-0890379C2AA7}.Debug|Any CPU.Build.0 = Debug|Any CPU
		{597DED65-D82F-4326-8B40-0890379C2AA7}.Release|Any CPU.ActiveCfg = Release|Any CPU
		{597DED65-D82F-4326-8B40-0890379C2AA7}.Release|Any CPU.Build.0 = Release|Any CPU
		{515B2D1B-00DF-4A85-8FC8-F19FAF43780D}.Debug|Any CPU.ActiveCfg = Debug|Any CPU
		{515B2D1B-00DF-4A85-8FC8-F19FAF43780D}.Debug|Any CPU.Build.0 = Debug|Any CPU
		{515B2D1B-00DF-4A85-8FC8-F19FAF43780D}.Release|Any CPU.ActiveCfg = Release|Any CPU
		{515B2D1B-00DF-4A85-8FC8-F19FAF43780D}.Release|Any CPU.Build.0 = Release|Any CPU
		{27A2FD6F-C761-4845-93FA-F9904BFEE207}.Debug|Any CPU.ActiveCfg = Debug|Any CPU
		{27A2FD6F-C761-4845-93FA-F9904BFEE207}.Debug|Any CPU.Build.0 = Debug|Any CPU
		{27A2FD6F-C761-4845-93FA-F9904BFEE207}.Release|Any CPU.ActiveCfg = Release|Any CPU
		{27A2FD6F-C761-4845-93FA-F9904BFEE207}.Release|Any CPU.Build.0 = Release|Any CPU
		{B6DBD954-25E7-424C-8296-78BA7A5A82C9}.Debug|Any CPU.ActiveCfg = Debug|Any CPU
		{B6DBD954-25E7-424C-8296-78BA7A5A82C9}.Debug|Any CPU.Build.0 = Debug|Any CPU
		{B6DBD954-25E7-424C-8296-78BA7A5A82C9}.Release|Any CPU.ActiveCfg = Release|Any CPU
		{B6DBD954-25E7-424C-8296-78BA7A5A82C9}.Release|Any CPU.Build.0 = Release|Any CPU
		{B2216430-4DE5-4E11-82AF-1EADA414779E}.Debug|Any CPU.ActiveCfg = Debug|Any CPU
		{B2216430-4DE5-4E11-82AF-1EADA414779E}.Debug|Any CPU.Build.0 = Debug|Any CPU
		{B2216430-4DE5-4E11-82AF-1EADA414779E}.Release|Any CPU.ActiveCfg = Release|Any CPU
		{B2216430-4DE5-4E11-82AF-1EADA414779E}.Release|Any CPU.Build.0 = Release|Any CPU
		{2BEAF2B0-5F8E-4BEB-892C-EF6C10D90EBC}.Debug|Any CPU.ActiveCfg = Debug|Any CPU
		{2BEAF2B0-5F8E-4BEB-892C-EF6C10D90EBC}.Debug|Any CPU.Build.0 = Debug|Any CPU
		{2BEAF2B0-5F8E-4BEB-892C-EF6C10D90EBC}.Release|Any CPU.ActiveCfg = Release|Any CPU
		{2BEAF2B0-5F8E-4BEB-892C-EF6C10D90EBC}.Release|Any CPU.Build.0 = Release|Any CPU
	EndGlobalSection
	GlobalSection(SolutionProperties) = preSolution
		HideSolutionNode = FALSE
	EndGlobalSection
	GlobalSection(ExtensibilityGlobals) = postSolution
		SolutionGuid = {F68194EE-263D-46F5-BB62-F08F889D2DED}
	EndGlobalSection
EndGlobal
