
Microsoft Visual Studio Solution File, Format Version 12.00
# Visual Studio Version 16
VisualStudioVersion = 16.0.29926.136
MinimumVisualStudioVersion = 10.0.40219.1
Project("{9A19103F-16F7-4668-BE54-9A1E7A4F7556}") = "Lab - Exercise", "Lab - Exercise\Lab - Exercise.csproj", "{F6DE50D5-C266-4C2C-8393-B2268EB14CE2}"
EndProject
Project("{9A19103F-16F7-4668-BE54-9A1E7A4F7556}") = "House Party", "House Party\House Party.csproj", "{F4ABD724-0157-466F-8584-2B5816D74E5F}"
EndProject
Project("{9A19103F-16F7-4668-BE54-9A1E7A4F7556}") = "List Operations", "List Operations\List Operations.csproj", "{556AED63-64BA-49EC-B7AC-BE1376B7CAD9}"
EndProject
Project("{9A19103F-16F7-4668-BE54-9A1E7A4F7556}") = "Softuni Course Planning", "Softuni Course Planning\Softuni Course Planning.csproj", "{D67524FD-67B0-4912-8BBA-AC955E439914}"
EndProject
Project("{9A19103F-16F7-4668-BE54-9A1E7A4F7556}") = "Change List", "Change List\Change List.csproj", "{14C12387-85A0-4A5F-B58A-D1520ACC14E5}"
EndProject
Project("{9A19103F-16F7-4668-BE54-9A1E7A4F7556}") = "Bomb numbers", "Bomb numbers\Bomb numbers.csproj", "{F8782885-02BF-43F3-AE01-951B38FAB75E}"
EndProject
Project("{9A19103F-16F7-4668-BE54-9A1E7A4F7556}") = "Cards Game", "Cards Game\Cards Game.csproj", "{1E8E9D2B-249A-431D-91D0-222FE8E68317}"
EndProject
Project("{9A19103F-16F7-4668-BE54-9A1E7A4F7556}") = "Append arrays", "Append arrays\Append arrays.csproj", "{326CD47A-3B30-43E8-858E-EED16DCC5256}"
EndProject
Project("{9A19103F-16F7-4668-BE54-9A1E7A4F7556}") = "Anonymous", "Anonymous\Anonymous.csproj", "{61148230-A9DF-4AE0-B461-7F07DC484B0A}"
EndProject
Project("{FAE04EC0-301F-11D3-BF4B-00C04F79EFBC}") = "Pokemon don't go", "Pokemon don't go\Pokemon don't go.csproj", "{2A1665B0-C11D-449C-BDF0-7CF78FCABF1E}"
EndProject
Global
	GlobalSection(SolutionConfigurationPlatforms) = preSolution
		Debug|Any CPU = Debug|Any CPU
		Release|Any CPU = Release|Any CPU
	EndGlobalSection
	GlobalSection(ProjectConfigurationPlatforms) = postSolution
		{F6DE50D5-C266-4C2C-8393-B2268EB14CE2}.Debug|Any CPU.ActiveCfg = Debug|Any CPU
		{F6DE50D5-C266-4C2C-8393-B2268EB14CE2}.Debug|Any CPU.Build.0 = Debug|Any CPU
		{F6DE50D5-C266-4C2C-8393-B2268EB14CE2}.Release|Any CPU.ActiveCfg = Release|Any CPU
		{F6DE50D5-C266-4C2C-8393-B2268EB14CE2}.Release|Any CPU.Build.0 = Release|Any CPU
		{F4ABD724-0157-466F-8584-2B5816D74E5F}.Debug|Any CPU.ActiveCfg = Debug|Any CPU
		{F4ABD724-0157-466F-8584-2B5816D74E5F}.Debug|Any CPU.Build.0 = Debug|Any CPU
		{F4ABD724-0157-466F-8584-2B5816D74E5F}.Release|Any CPU.ActiveCfg = Release|Any CPU
		{F4ABD724-0157-466F-8584-2B5816D74E5F}.Release|Any CPU.Build.0 = Release|Any CPU
		{556AED63-64BA-49EC-B7AC-BE1376B7CAD9}.Debug|Any CPU.ActiveCfg = Debug|Any CPU
		{556AED63-64BA-49EC-B7AC-BE1376B7CAD9}.Debug|Any CPU.Build.0 = Debug|Any CPU
		{556AED63-64BA-49EC-B7AC-BE1376B7CAD9}.Release|Any CPU.ActiveCfg = Release|Any CPU
		{556AED63-64BA-49EC-B7AC-BE1376B7CAD9}.Release|Any CPU.Build.0 = Release|Any CPU
		{D67524FD-67B0-4912-8BBA-AC955E439914}.Debug|Any CPU.ActiveCfg = Debug|Any CPU
		{D67524FD-67B0-4912-8BBA-AC955E439914}.Debug|Any CPU.Build.0 = Debug|Any CPU
		{D67524FD-67B0-4912-8BBA-AC955E439914}.Release|Any CPU.ActiveCfg = Release|Any CPU
		{D67524FD-67B0-4912-8BBA-AC955E439914}.Release|Any CPU.Build.0 = Release|Any CPU
		{14C12387-85A0-4A5F-B58A-D1520ACC14E5}.Debug|Any CPU.ActiveCfg = Debug|Any CPU
		{14C12387-85A0-4A5F-B58A-D1520ACC14E5}.Debug|Any CPU.Build.0 = Debug|Any CPU
		{14C12387-85A0-4A5F-B58A-D1520ACC14E5}.Release|Any CPU.ActiveCfg = Release|Any CPU
		{14C12387-85A0-4A5F-B58A-D1520ACC14E5}.Release|Any CPU.Build.0 = Release|Any CPU
		{F8782885-02BF-43F3-AE01-951B38FAB75E}.Debug|Any CPU.ActiveCfg = Debug|Any CPU
		{F8782885-02BF-43F3-AE01-951B38FAB75E}.Debug|Any CPU.Build.0 = Debug|Any CPU
		{F8782885-02BF-43F3-AE01-951B38FAB75E}.Release|Any CPU.ActiveCfg = Release|Any CPU
		{F8782885-02BF-43F3-AE01-951B38FAB75E}.Release|Any CPU.Build.0 = Release|Any CPU
		{1E8E9D2B-249A-431D-91D0-222FE8E68317}.Debug|Any CPU.ActiveCfg = Debug|Any CPU
		{1E8E9D2B-249A-431D-91D0-222FE8E68317}.Debug|Any CPU.Build.0 = Debug|Any CPU
		{1E8E9D2B-249A-431D-91D0-222FE8E68317}.Release|Any CPU.ActiveCfg = Release|Any CPU
		{1E8E9D2B-249A-431D-91D0-222FE8E68317}.Release|Any CPU.Build.0 = Release|Any CPU
		{326CD47A-3B30-43E8-858E-EED16DCC5256}.Debug|Any CPU.ActiveCfg = Debug|Any CPU
		{326CD47A-3B30-43E8-858E-EED16DCC5256}.Debug|Any CPU.Build.0 = Debug|Any CPU
		{326CD47A-3B30-43E8-858E-EED16DCC5256}.Release|Any CPU.ActiveCfg = Release|Any CPU
		{326CD47A-3B30-43E8-858E-EED16DCC5256}.Release|Any CPU.Build.0 = Release|Any CPU
		{61148230-A9DF-4AE0-B461-7F07DC484B0A}.Debug|Any CPU.ActiveCfg = Debug|Any CPU
		{61148230-A9DF-4AE0-B461-7F07DC484B0A}.Debug|Any CPU.Build.0 = Debug|Any CPU
		{61148230-A9DF-4AE0-B461-7F07DC484B0A}.Release|Any CPU.ActiveCfg = Release|Any CPU
		{61148230-A9DF-4AE0-B461-7F07DC484B0A}.Release|Any CPU.Build.0 = Release|Any CPU
		{2A1665B0-C11D-449C-BDF0-7CF78FCABF1E}.Debug|Any CPU.ActiveCfg = Debug|Any CPU
		{2A1665B0-C11D-449C-BDF0-7CF78FCABF1E}.Debug|Any CPU.Build.0 = Debug|Any CPU
		{2A1665B0-C11D-449C-BDF0-7CF78FCABF1E}.Release|Any CPU.ActiveCfg = Release|Any CPU
		{2A1665B0-C11D-449C-BDF0-7CF78FCABF1E}.Release|Any CPU.Build.0 = Release|Any CPU
	EndGlobalSection
	GlobalSection(SolutionProperties) = preSolution
		HideSolutionNode = FALSE
	EndGlobalSection
	GlobalSection(ExtensibilityGlobals) = postSolution
		SolutionGuid = {4CA4CD2D-694C-45FD-A00D-1A766FA66F30}
	EndGlobalSection
EndGlobal
