
Microsoft Visual Studio Solution File, Format Version 12.00
# Visual Studio Version 16
VisualStudioVersion = 16.0.29926.136
MinimumVisualStudioVersion = 10.0.40219.1
Project("{9A19103F-16F7-4668-BE54-9A1E7A4F7556}") = "Associative Arrays - More Exercise", "Associative Arrays - More Exercise\Associative Arrays - More Exercise.csproj", "{7F3BA7BB-97E9-4044-8CB5-437C0E793F0C}"
EndProject
Project("{9A19103F-16F7-4668-BE54-9A1E7A4F7556}") = "2. Judge", "2. Judge\2. Judge.csproj", "{8028CFB1-1F19-46A8-8E4F-4BF7DE1A105C}"
EndProject
Project("{9A19103F-16F7-4668-BE54-9A1E7A4F7556}") = "3. MOBA Challenger", "3. MOBA Challenger\3. MOBA Challenger.csproj", "{D7068BB6-6FC7-45B2-B7FC-2FC67A6B127E}"
EndProject
Project("{9A19103F-16F7-4668-BE54-9A1E7A4F7556}") = "4. Snow White", "4. Snow White\4. Snow White.csproj", "{A8F7B84C-5216-48D9-B79A-7BCEDA70C8A8}"
EndProject
Project("{FAE04EC0-301F-11D3-BF4B-00C04F79EFBC}") = "5. Dragon army", "5. Dragon army\5. Dragon army.csproj", "{55B6BA9E-7C3B-45CC-A82B-2F94F4710B56}"
EndProject
Global
	GlobalSection(SolutionConfigurationPlatforms) = preSolution
		Debug|Any CPU = Debug|Any CPU
		Release|Any CPU = Release|Any CPU
	EndGlobalSection
	GlobalSection(ProjectConfigurationPlatforms) = postSolution
		{7F3BA7BB-97E9-4044-8CB5-437C0E793F0C}.Debug|Any CPU.ActiveCfg = Debug|Any CPU
		{7F3BA7BB-97E9-4044-8CB5-437C0E793F0C}.Debug|Any CPU.Build.0 = Debug|Any CPU
		{7F3BA7BB-97E9-4044-8CB5-437C0E793F0C}.Release|Any CPU.ActiveCfg = Release|Any CPU
		{7F3BA7BB-97E9-4044-8CB5-437C0E793F0C}.Release|Any CPU.Build.0 = Release|Any CPU
		{8028CFB1-1F19-46A8-8E4F-4BF7DE1A105C}.Debug|Any CPU.ActiveCfg = Debug|Any CPU
		{8028CFB1-1F19-46A8-8E4F-4BF7DE1A105C}.Debug|Any CPU.Build.0 = Debug|Any CPU
		{8028CFB1-1F19-46A8-8E4F-4BF7DE1A105C}.Release|Any CPU.ActiveCfg = Release|Any CPU
		{8028CFB1-1F19-46A8-8E4F-4BF7DE1A105C}.Release|Any CPU.Build.0 = Release|Any CPU
		{D7068BB6-6FC7-45B2-B7FC-2FC67A6B127E}.Debug|Any CPU.ActiveCfg = Debug|Any CPU
		{D7068BB6-6FC7-45B2-B7FC-2FC67A6B127E}.Debug|Any CPU.Build.0 = Debug|Any CPU
		{D7068BB6-6FC7-45B2-B7FC-2FC67A6B127E}.Release|Any CPU.ActiveCfg = Release|Any CPU
		{D7068BB6-6FC7-45B2-B7FC-2FC67A6B127E}.Release|Any CPU.Build.0 = Release|Any CPU
		{A8F7B84C-5216-48D9-B79A-7BCEDA70C8A8}.Debug|Any CPU.ActiveCfg = Debug|Any CPU
		{A8F7B84C-5216-48D9-B79A-7BCEDA70C8A8}.Debug|Any CPU.Build.0 = Debug|Any CPU
		{A8F7B84C-5216-48D9-B79A-7BCEDA70C8A8}.Release|Any CPU.ActiveCfg = Release|Any CPU
		{A8F7B84C-5216-48D9-B79A-7BCEDA70C8A8}.Release|Any CPU.Build.0 = Release|Any CPU
		{55B6BA9E-7C3B-45CC-A82B-2F94F4710B56}.Debug|Any CPU.ActiveCfg = Debug|Any CPU
		{55B6BA9E-7C3B-45CC-A82B-2F94F4710B56}.Debug|Any CPU.Build.0 = Debug|Any CPU
		{55B6BA9E-7C3B-45CC-A82B-2F94F4710B56}.Release|Any CPU.ActiveCfg = Release|Any CPU
		{55B6BA9E-7C3B-45CC-A82B-2F94F4710B56}.Release|Any CPU.Build.0 = Release|Any CPU
	EndGlobalSection
	GlobalSection(SolutionProperties) = preSolution
		HideSolutionNode = FALSE
	EndGlobalSection
	GlobalSection(ExtensibilityGlobals) = postSolution
		SolutionGuid = {7B8BADE0-EAE5-4A14-81AE-2BA82F709CBC}
	EndGlobalSection
EndGlobal
