
Microsoft Visual Studio Solution File, Format Version 12.00
# Visual Studio Version 16
VisualStudioVersion = 16.0.29926.136
MinimumVisualStudioVersion = 10.0.40219.1
Project("{9A19103F-16F7-4668-BE54-9A1E7A4F7556}") = "Data Types and Variables - More Exercise", "Data Types and Variables - More Exercise\Data Types and Variables - More Exercise.csproj", "{215BB4A2-A7E9-407B-A172-ACFF071B49FA}"
EndProject
Project("{9A19103F-16F7-4668-BE54-9A1E7A4F7556}") = "1. Data Type Finder", "1. Data Type Finder\1. Data Type Finder.csproj", "{BFB4698A-1472-4798-9694-8B5598F30E76}"
EndProject
Project("{9A19103F-16F7-4668-BE54-9A1E7A4F7556}") = "2. From Left to Right", "2. From Left to Right\2. From Left to Right.csproj", "{BAF6A83E-B04F-47ED-81B7-328888791A68}"
EndProject
Project("{9A19103F-16F7-4668-BE54-9A1E7A4F7556}") = "2.3 Floating equality", "2.3 Floating equality\2.3 Floating equality.csproj", "{B9654D6D-5F54-4D9A-82AA-6EB8257D3D8C}"
EndProject
Project("{9A19103F-16F7-4668-BE54-9A1E7A4F7556}") = "2.4 Refactoring Prime Checker", "2.4 Refactoring Prime Checker\2.4 Refactoring Prime Checker.csproj", "{B275006A-8879-4CAC-AEA6-8F7A138635EC}"
EndProject
Project("{9A19103F-16F7-4668-BE54-9A1E7A4F7556}") = "2.5 Decrypting", "2.5 Decrypting\2.5 Decrypting.csproj", "{3E9A58C2-9DFA-4C22-A32F-7C0B7A1C0185}"
EndProject
Project("{FAE04EC0-301F-11D3-BF4B-00C04F79EFBC}") = "6. Balanced Brakes", "6. Balanced Brakes\6. Balanced Brakes.csproj", "{D554F2E2-FCE4-4E14-B54C-31AA2932319C}"
EndProject
Global
	GlobalSection(SolutionConfigurationPlatforms) = preSolution
		Debug|Any CPU = Debug|Any CPU
		Release|Any CPU = Release|Any CPU
	EndGlobalSection
	GlobalSection(ProjectConfigurationPlatforms) = postSolution
		{215BB4A2-A7E9-407B-A172-ACFF071B49FA}.Debug|Any CPU.ActiveCfg = Debug|Any CPU
		{215BB4A2-A7E9-407B-A172-ACFF071B49FA}.Debug|Any CPU.Build.0 = Debug|Any CPU
		{215BB4A2-A7E9-407B-A172-ACFF071B49FA}.Release|Any CPU.ActiveCfg = Release|Any CPU
		{215BB4A2-A7E9-407B-A172-ACFF071B49FA}.Release|Any CPU.Build.0 = Release|Any CPU
		{BFB4698A-1472-4798-9694-8B5598F30E76}.Debug|Any CPU.ActiveCfg = Debug|Any CPU
		{BFB4698A-1472-4798-9694-8B5598F30E76}.Debug|Any CPU.Build.0 = Debug|Any CPU
		{BFB4698A-1472-4798-9694-8B5598F30E76}.Release|Any CPU.ActiveCfg = Release|Any CPU
		{BFB4698A-1472-4798-9694-8B5598F30E76}.Release|Any CPU.Build.0 = Release|Any CPU
		{BAF6A83E-B04F-47ED-81B7-328888791A68}.Debug|Any CPU.ActiveCfg = Debug|Any CPU
		{BAF6A83E-B04F-47ED-81B7-328888791A68}.Debug|Any CPU.Build.0 = Debug|Any CPU
		{BAF6A83E-B04F-47ED-81B7-328888791A68}.Release|Any CPU.ActiveCfg = Release|Any CPU
		{BAF6A83E-B04F-47ED-81B7-328888791A68}.Release|Any CPU.Build.0 = Release|Any CPU
		{B9654D6D-5F54-4D9A-82AA-6EB8257D3D8C}.Debug|Any CPU.ActiveCfg = Debug|Any CPU
		{B9654D6D-5F54-4D9A-82AA-6EB8257D3D8C}.Debug|Any CPU.Build.0 = Debug|Any CPU
		{B9654D6D-5F54-4D9A-82AA-6EB8257D3D8C}.Release|Any CPU.ActiveCfg = Release|Any CPU
		{B9654D6D-5F54-4D9A-82AA-6EB8257D3D8C}.Release|Any CPU.Build.0 = Release|Any CPU
		{B275006A-8879-4CAC-AEA6-8F7A138635EC}.Debug|Any CPU.ActiveCfg = Debug|Any CPU
		{B275006A-8879-4CAC-AEA6-8F7A138635EC}.Debug|Any CPU.Build.0 = Debug|Any CPU
		{B275006A-8879-4CAC-AEA6-8F7A138635EC}.Release|Any CPU.ActiveCfg = Release|Any CPU
		{B275006A-8879-4CAC-AEA6-8F7A138635EC}.Release|Any CPU.Build.0 = Release|Any CPU
		{3E9A58C2-9DFA-4C22-A32F-7C0B7A1C0185}.Debug|Any CPU.ActiveCfg = Debug|Any CPU
		{3E9A58C2-9DFA-4C22-A32F-7C0B7A1C0185}.Debug|Any CPU.Build.0 = Debug|Any CPU
		{3E9A58C2-9DFA-4C22-A32F-7C0B7A1C0185}.Release|Any CPU.ActiveCfg = Release|Any CPU
		{3E9A58C2-9DFA-4C22-A32F-7C0B7A1C0185}.Release|Any CPU.Build.0 = Release|Any CPU
		{D554F2E2-FCE4-4E14-B54C-31AA2932319C}.Debug|Any CPU.ActiveCfg = Debug|Any CPU
		{D554F2E2-FCE4-4E14-B54C-31AA2932319C}.Debug|Any CPU.Build.0 = Debug|Any CPU
		{D554F2E2-FCE4-4E14-B54C-31AA2932319C}.Release|Any CPU.ActiveCfg = Release|Any CPU
		{D554F2E2-FCE4-4E14-B54C-31AA2932319C}.Release|Any CPU.Build.0 = Release|Any CPU
	EndGlobalSection
	GlobalSection(SolutionProperties) = preSolution
		HideSolutionNode = FALSE
	EndGlobalSection
	GlobalSection(ExtensibilityGlobals) = postSolution
		SolutionGuid = {B14192CE-5103-4763-8C9D-10691C558BE9}
	EndGlobalSection
EndGlobal
