
Microsoft Visual Studio Solution File, Format Version 12.00
# Visual Studio Version 16
VisualStudioVersion = 16.0.29926.136
MinimumVisualStudioVersion = 10.0.40219.1
Project("{9A19103F-16F7-4668-BE54-9A1E7A4F7556}") = "Stacks and Queues - Lab", "Stacks and Queues - Lab\Stacks and Queues - Lab.csproj", "{32B8D183-07A6-4070-96E1-09C58D2ABC91}"
EndProject
Project("{9A19103F-16F7-4668-BE54-9A1E7A4F7556}") = "2. Stack Sum", "2. Stack Sum\2. Stack Sum.csproj", "{F06914AB-3A68-4B6D-A36B-C94560A46CE2}"
EndProject
Project("{9A19103F-16F7-4668-BE54-9A1E7A4F7556}") = "3. Simple calculator", "3. Simple calculator\3. Simple calculator.csproj", "{6EC05386-6B51-4D26-AE9C-B0E5ABC3D83D}"
EndProject
Project("{FAE04EC0-301F-11D3-BF4B-00C04F79EFBC}") = "4. Matching Brackets", "4. Matching Brackets\4. Matching Brackets.csproj", "{B0097ADD-2464-43FE-8D0A-2BB27A016E57}"
EndProject
Project("{FAE04EC0-301F-11D3-BF4B-00C04F79EFBC}") = "5. Print even numbers", "5. Print even numbers\5. Print even numbers.csproj", "{E5004F87-E6A0-4E0C-B53E-8A19930E8A61}"
EndProject
Project("{FAE04EC0-301F-11D3-BF4B-00C04F79EFBC}") = "6. Supermarket", "6. Supermarket\6. Supermarket.csproj", "{B3B8CD8A-2A8D-4D3C-8424-9721DA627080}"
EndProject
Project("{FAE04EC0-301F-11D3-BF4B-00C04F79EFBC}") = "7. Hot Potato", "7. Hot Potato\7. Hot Potato.csproj", "{D2CA76BA-C9A1-4608-8FE1-4AC41089FD2B}"
EndProject
Project("{FAE04EC0-301F-11D3-BF4B-00C04F79EFBC}") = "8. Traffic Jam", "8. Traffic Jam\8. Traffic Jam.csproj", "{5B732187-984E-4812-9D00-860DD559852D}"
EndProject
Global
	GlobalSection(SolutionConfigurationPlatforms) = preSolution
		Debug|Any CPU = Debug|Any CPU
		Release|Any CPU = Release|Any CPU
	EndGlobalSection
	GlobalSection(ProjectConfigurationPlatforms) = postSolution
		{32B8D183-07A6-4070-96E1-09C58D2ABC91}.Debug|Any CPU.ActiveCfg = Debug|Any CPU
		{32B8D183-07A6-4070-96E1-09C58D2ABC91}.Debug|Any CPU.Build.0 = Debug|Any CPU
		{32B8D183-07A6-4070-96E1-09C58D2ABC91}.Release|Any CPU.ActiveCfg = Release|Any CPU
		{32B8D183-07A6-4070-96E1-09C58D2ABC91}.Release|Any CPU.Build.0 = Release|Any CPU
		{F06914AB-3A68-4B6D-A36B-C94560A46CE2}.Debug|Any CPU.ActiveCfg = Debug|Any CPU
		{F06914AB-3A68-4B6D-A36B-C94560A46CE2}.Debug|Any CPU.Build.0 = Debug|Any CPU
		{F06914AB-3A68-4B6D-A36B-C94560A46CE2}.Release|Any CPU.ActiveCfg = Release|Any CPU
		{F06914AB-3A68-4B6D-A36B-C94560A46CE2}.Release|Any CPU.Build.0 = Release|Any CPU
		{6EC05386-6B51-4D26-AE9C-B0E5ABC3D83D}.Debug|Any CPU.ActiveCfg = Debug|Any CPU
		{6EC05386-6B51-4D26-AE9C-B0E5ABC3D83D}.Debug|Any CPU.Build.0 = Debug|Any CPU
		{6EC05386-6B51-4D26-AE9C-B0E5ABC3D83D}.Release|Any CPU.ActiveCfg = Release|Any CPU
		{6EC05386-6B51-4D26-AE9C-B0E5ABC3D83D}.Release|Any CPU.Build.0 = Release|Any CPU
		{B0097ADD-2464-43FE-8D0A-2BB27A016E57}.Debug|Any CPU.ActiveCfg = Debug|Any CPU
		{B0097ADD-2464-43FE-8D0A-2BB27A016E57}.Debug|Any CPU.Build.0 = Debug|Any CPU
		{B0097ADD-2464-43FE-8D0A-2BB27A016E57}.Release|Any CPU.ActiveCfg = Release|Any CPU
		{B0097ADD-2464-43FE-8D0A-2BB27A016E57}.Release|Any CPU.Build.0 = Release|Any CPU
		{E5004F87-E6A0-4E0C-B53E-8A19930E8A61}.Debug|Any CPU.ActiveCfg = Debug|Any CPU
		{E5004F87-E6A0-4E0C-B53E-8A19930E8A61}.Debug|Any CPU.Build.0 = Debug|Any CPU
		{E5004F87-E6A0-4E0C-B53E-8A19930E8A61}.Release|Any CPU.ActiveCfg = Release|Any CPU
		{E5004F87-E6A0-4E0C-B53E-8A19930E8A61}.Release|Any CPU.Build.0 = Release|Any CPU
		{B3B8CD8A-2A8D-4D3C-8424-9721DA627080}.Debug|Any CPU.ActiveCfg = Debug|Any CPU
		{B3B8CD8A-2A8D-4D3C-8424-9721DA627080}.Debug|Any CPU.Build.0 = Debug|Any CPU
		{B3B8CD8A-2A8D-4D3C-8424-9721DA627080}.Release|Any CPU.ActiveCfg = Release|Any CPU
		{B3B8CD8A-2A8D-4D3C-8424-9721DA627080}.Release|Any CPU.Build.0 = Release|Any CPU
		{D2CA76BA-C9A1-4608-8FE1-4AC41089FD2B}.Debug|Any CPU.ActiveCfg = Debug|Any CPU
		{D2CA76BA-C9A1-4608-8FE1-4AC41089FD2B}.Debug|Any CPU.Build.0 = Debug|Any CPU
		{D2CA76BA-C9A1-4608-8FE1-4AC41089FD2B}.Release|Any CPU.ActiveCfg = Release|Any CPU
		{D2CA76BA-C9A1-4608-8FE1-4AC41089FD2B}.Release|Any CPU.Build.0 = Release|Any CPU
		{5B732187-984E-4812-9D00-860DD559852D}.Debug|Any CPU.ActiveCfg = Debug|Any CPU
		{5B732187-984E-4812-9D00-860DD559852D}.Debug|Any CPU.Build.0 = Debug|Any CPU
		{5B732187-984E-4812-9D00-860DD559852D}.Release|Any CPU.ActiveCfg = Release|Any CPU
		{5B732187-984E-4812-9D00-860DD559852D}.Release|Any CPU.Build.0 = Release|Any CPU
	EndGlobalSection
	GlobalSection(SolutionProperties) = preSolution
		HideSolutionNode = FALSE
	EndGlobalSection
	GlobalSection(ExtensibilityGlobals) = postSolution
		SolutionGuid = {211F2635-2BE9-4BB3-8556-E79769A08EE0}
	EndGlobalSection
EndGlobal
