
Microsoft Visual Studio Solution File, Format Version 12.00
# Visual Studio Version 16
VisualStudioVersion = 16.0.29926.136
MinimumVisualStudioVersion = 10.0.40219.1
Project("{9A19103F-16F7-4668-BE54-9A1E7A4F7556}") = "Lists - Exercise", "Lists - Exercise\Lists - Exercise.csproj", "{0BACB7CA-721B-47CA-AFD6-FAFBDAFAED2C}"
EndProject
Project("{9A19103F-16F7-4668-BE54-9A1E7A4F7556}") = "Messaging", "Messaging\Messaging.csproj", "{42B86D63-0D52-4178-9AFA-6098E242618C}"
EndProject
Project("{9A19103F-16F7-4668-BE54-9A1E7A4F7556}") = "TakeSkip Rope", "TakeSkip Rope\TakeSkip Rope.csproj", "{472E71F8-AECD-467A-B543-92415551F390}"
EndProject
Project("{9A19103F-16F7-4668-BE54-9A1E7A4F7556}") = "Mixed up Lists", "Mixed up Lists\Mixed up Lists.csproj", "{5E6B414D-50A8-4275-8821-005606872F73}"
EndProject
Project("{FAE04EC0-301F-11D3-BF4B-00C04F79EFBC}") = "Drum Set", "Drum Set\Drum Set.csproj", "{F1A8A75C-428C-4998-862A-39E17DEE1494}"
EndProject
Global
	GlobalSection(SolutionConfigurationPlatforms) = preSolution
		Debug|Any CPU = Debug|Any CPU
		Release|Any CPU = Release|Any CPU
	EndGlobalSection
	GlobalSection(ProjectConfigurationPlatforms) = postSolution
		{0BACB7CA-721B-47CA-AFD6-FAFBDAFAED2C}.Debug|Any CPU.ActiveCfg = Debug|Any CPU
		{0BACB7CA-721B-47CA-AFD6-FAFBDAFAED2C}.Debug|Any CPU.Build.0 = Debug|Any CPU
		{0BACB7CA-721B-47CA-AFD6-FAFBDAFAED2C}.Release|Any CPU.ActiveCfg = Release|Any CPU
		{0BACB7CA-721B-47CA-AFD6-FAFBDAFAED2C}.Release|Any CPU.Build.0 = Release|Any CPU
		{42B86D63-0D52-4178-9AFA-6098E242618C}.Debug|Any CPU.ActiveCfg = Debug|Any CPU
		{42B86D63-0D52-4178-9AFA-6098E242618C}.Debug|Any CPU.Build.0 = Debug|Any CPU
		{42B86D63-0D52-4178-9AFA-6098E242618C}.Release|Any CPU.ActiveCfg = Release|Any CPU
		{42B86D63-0D52-4178-9AFA-6098E242618C}.Release|Any CPU.Build.0 = Release|Any CPU
		{472E71F8-AECD-467A-B543-92415551F390}.Debug|Any CPU.ActiveCfg = Debug|Any CPU
		{472E71F8-AECD-467A-B543-92415551F390}.Debug|Any CPU.Build.0 = Debug|Any CPU
		{472E71F8-AECD-467A-B543-92415551F390}.Release|Any CPU.ActiveCfg = Release|Any CPU
		{472E71F8-AECD-467A-B543-92415551F390}.Release|Any CPU.Build.0 = Release|Any CPU
		{5E6B414D-50A8-4275-8821-005606872F73}.Debug|Any CPU.ActiveCfg = Debug|Any CPU
		{5E6B414D-50A8-4275-8821-005606872F73}.Debug|Any CPU.Build.0 = Debug|Any CPU
		{5E6B414D-50A8-4275-8821-005606872F73}.Release|Any CPU.ActiveCfg = Release|Any CPU
		{5E6B414D-50A8-4275-8821-005606872F73}.Release|Any CPU.Build.0 = Release|Any CPU
		{F1A8A75C-428C-4998-862A-39E17DEE1494}.Debug|Any CPU.ActiveCfg = Debug|Any CPU
		{F1A8A75C-428C-4998-862A-39E17DEE1494}.Debug|Any CPU.Build.0 = Debug|Any CPU
		{F1A8A75C-428C-4998-862A-39E17DEE1494}.Release|Any CPU.ActiveCfg = Release|Any CPU
		{F1A8A75C-428C-4998-862A-39E17DEE1494}.Release|Any CPU.Build.0 = Release|Any CPU
	EndGlobalSection
	GlobalSection(SolutionProperties) = preSolution
		HideSolutionNode = FALSE
	EndGlobalSection
	GlobalSection(ExtensibilityGlobals) = postSolution
		SolutionGuid = {9F24F604-39C8-4A1E-A8E8-AAD1D6FAB7E9}
	EndGlobalSection
EndGlobal
