
Microsoft Visual Studio Solution File, Format Version 12.00
# Visual Studio Version 16
VisualStudioVersion = 16.0.29926.136
MinimumVisualStudioVersion = 10.0.40219.1
Project("{FAE04EC0-301F-11D3-BF4B-00C04F79EFBC}") = "Text Processing - Lab", "Text Processing - Lab\Text Processing - Lab.csproj", "{A03F8101-26CD-4A61-937B-01EE651003E8}"
EndProject
Project("{FAE04EC0-301F-11D3-BF4B-00C04F79EFBC}") = "2. Repeat Strings", "2. Repeat Strings\2. Repeat Strings.csproj", "{08BDEF2A-925F-4087-AFDF-39FDF92FFC0D}"
EndProject
Project("{FAE04EC0-301F-11D3-BF4B-00C04F79EFBC}") = "3. Substring", "3. Substring\3. Substring.csproj", "{4DD7B1C0-DE67-4AB9-9DBD-6D74E3E9E0DC}"
EndProject
Project("{FAE04EC0-301F-11D3-BF4B-00C04F79EFBC}") = "4. Filter", "4. Filter\4. Filter.csproj", "{C8CDBA00-3C9E-4B52-A2DC-401FF59D2991}"
EndProject
Project("{FAE04EC0-301F-11D3-BF4B-00C04F79EFBC}") = "5. Digits, Letters and Other", "5. Digits, Letters and Other\5. Digits, Letters and Other.csproj", "{2986F810-E400-4988-8259-7D36ADB6F0B2}"
EndProject
Global
	GlobalSection(SolutionConfigurationPlatforms) = preSolution
		Debug|Any CPU = Debug|Any CPU
		Release|Any CPU = Release|Any CPU
	EndGlobalSection
	GlobalSection(ProjectConfigurationPlatforms) = postSolution
		{A03F8101-26CD-4A61-937B-01EE651003E8}.Debug|Any CPU.ActiveCfg = Debug|Any CPU
		{A03F8101-26CD-4A61-937B-01EE651003E8}.Debug|Any CPU.Build.0 = Debug|Any CPU
		{A03F8101-26CD-4A61-937B-01EE651003E8}.Release|Any CPU.ActiveCfg = Release|Any CPU
		{A03F8101-26CD-4A61-937B-01EE651003E8}.Release|Any CPU.Build.0 = Release|Any CPU
		{08BDEF2A-925F-4087-AFDF-39FDF92FFC0D}.Debug|Any CPU.ActiveCfg = Debug|Any CPU
		{08BDEF2A-925F-4087-AFDF-39FDF92FFC0D}.Debug|Any CPU.Build.0 = Debug|Any CPU
		{08BDEF2A-925F-4087-AFDF-39FDF92FFC0D}.Release|Any CPU.ActiveCfg = Release|Any CPU
		{08BDEF2A-925F-4087-AFDF-39FDF92FFC0D}.Release|Any CPU.Build.0 = Release|Any CPU
		{4DD7B1C0-DE67-4AB9-9DBD-6D74E3E9E0DC}.Debug|Any CPU.ActiveCfg = Debug|Any CPU
		{4DD7B1C0-DE67-4AB9-9DBD-6D74E3E9E0DC}.Debug|Any CPU.Build.0 = Debug|Any CPU
		{4DD7B1C0-DE67-4AB9-9DBD-6D74E3E9E0DC}.Release|Any CPU.ActiveCfg = Release|Any CPU
		{4DD7B1C0-DE67-4AB9-9DBD-6D74E3E9E0DC}.Release|Any CPU.Build.0 = Release|Any CPU
		{C8CDBA00-3C9E-4B52-A2DC-401FF59D2991}.Debug|Any CPU.ActiveCfg = Debug|Any CPU
		{C8CDBA00-3C9E-4B52-A2DC-401FF59D2991}.Debug|Any CPU.Build.0 = Debug|Any CPU
		{C8CDBA00-3C9E-4B52-A2DC-401FF59D2991}.Release|Any CPU.ActiveCfg = Release|Any CPU
		{C8CDBA00-3C9E-4B52-A2DC-401FF59D2991}.Release|Any CPU.Build.0 = Release|Any CPU
		{2986F810-E400-4988-8259-7D36ADB6F0B2}.Debug|Any CPU.ActiveCfg = Debug|Any CPU
		{2986F810-E400-4988-8259-7D36ADB6F0B2}.Debug|Any CPU.Build.0 = Debug|Any CPU
		{2986F810-E400-4988-8259-7D36ADB6F0B2}.Release|Any CPU.ActiveCfg = Release|Any CPU
		{2986F810-E400-4988-8259-7D36ADB6F0B2}.Release|Any CPU.Build.0 = Release|Any CPU
	EndGlobalSection
	GlobalSection(SolutionProperties) = preSolution
		HideSolutionNode = FALSE
	EndGlobalSection
	GlobalSection(ExtensibilityGlobals) = postSolution
		SolutionGuid = {B1BDCDF7-A6EC-4EB7-8297-C64FA452C195}
	EndGlobalSection
EndGlobal
