
Microsoft Visual Studio Solution File, Format Version 12.00
# Visual Studio Version 16
VisualStudioVersion = 16.0.29926.136
MinimumVisualStudioVersion = 10.0.40219.1
Project("{9A19103F-16F7-4668-BE54-9A1E7A4F7556}") = "11. Arrays exercise", "11. Arrays exercise\11. Arrays exercise.csproj", "{5256CE4D-08A0-46C2-B3B7-BF6E9049D3F6}"
EndProject
Project("{9A19103F-16F7-4668-BE54-9A1E7A4F7556}") = "2. Common elements", "2. Common elements\2. Common elements.csproj", "{BA69C67B-2F2B-4406-9E66-4DB0FB20F81F}"
EndProject
Project("{9A19103F-16F7-4668-BE54-9A1E7A4F7556}") = "3. Zig Zag", "3. Zig Zag\3. Zig Zag.csproj", "{89F48E0D-9626-4478-A690-014E2EFC825F}"
EndProject
Project("{9A19103F-16F7-4668-BE54-9A1E7A4F7556}") = "4. Array rotation", "4. Array rotation\4. Array rotation.csproj", "{68E3D84D-9908-4065-A521-945F42DD80B4}"
EndProject
Project("{9A19103F-16F7-4668-BE54-9A1E7A4F7556}") = "5. TopKek", "5. TopKek\5. TopKek.csproj", "{624B25DB-D35E-4AA5-974C-C66A74B58E9B}"
EndProject
Project("{9A19103F-16F7-4668-BE54-9A1E7A4F7556}") = "6. Equal Sum", "6. Equal Sum\6. Equal Sum.csproj", "{B053989E-69A9-4FFB-93B3-3691B94EF022}"
EndProject
Project("{9A19103F-16F7-4668-BE54-9A1E7A4F7556}") = "7. Max sequence element", "7. Max sequence element\7. Max sequence element.csproj", "{756095A0-B3D6-4480-8D04-8B6BFA2701CC}"
EndProject
Project("{9A19103F-16F7-4668-BE54-9A1E7A4F7556}") = "8. Magic sum", "8. Magic sum\8. Magic sum.csproj", "{7AFE5CB7-70A0-41D0-8ECB-DAF97221A1DC}"
EndProject
Project("{9A19103F-16F7-4668-BE54-9A1E7A4F7556}") = "9. Kamino factory", "9. Kamino factory\9. Kamino factory.csproj", "{1F69C299-1D90-47A1-AB60-B492059D8B69}"
EndProject
Project("{FAE04EC0-301F-11D3-BF4B-00C04F79EFBC}") = "10. Ladybug", "10. Ladybug\10. Ladybug.csproj", "{43C1B547-6F0B-4D76-BA70-D9AAA73AC562}"
EndProject
Global
	GlobalSection(SolutionConfigurationPlatforms) = preSolution
		Debug|Any CPU = Debug|Any CPU
		Release|Any CPU = Release|Any CPU
	EndGlobalSection
	GlobalSection(ProjectConfigurationPlatforms) = postSolution
		{5256CE4D-08A0-46C2-B3B7-BF6E9049D3F6}.Debug|Any CPU.ActiveCfg = Debug|Any CPU
		{5256CE4D-08A0-46C2-B3B7-BF6E9049D3F6}.Debug|Any CPU.Build.0 = Debug|Any CPU
		{5256CE4D-08A0-46C2-B3B7-BF6E9049D3F6}.Release|Any CPU.ActiveCfg = Release|Any CPU
		{5256CE4D-08A0-46C2-B3B7-BF6E9049D3F6}.Release|Any CPU.Build.0 = Release|Any CPU
		{BA69C67B-2F2B-4406-9E66-4DB0FB20F81F}.Debug|Any CPU.ActiveCfg = Debug|Any CPU
		{BA69C67B-2F2B-4406-9E66-4DB0FB20F81F}.Debug|Any CPU.Build.0 = Debug|Any CPU
		{BA69C67B-2F2B-4406-9E66-4DB0FB20F81F}.Release|Any CPU.ActiveCfg = Release|Any CPU
		{BA69C67B-2F2B-4406-9E66-4DB0FB20F81F}.Release|Any CPU.Build.0 = Release|Any CPU
		{89F48E0D-9626-4478-A690-014E2EFC825F}.Debug|Any CPU.ActiveCfg = Debug|Any CPU
		{89F48E0D-9626-4478-A690-014E2EFC825F}.Debug|Any CPU.Build.0 = Debug|Any CPU
		{89F48E0D-9626-4478-A690-014E2EFC825F}.Release|Any CPU.ActiveCfg = Release|Any CPU
		{89F48E0D-9626-4478-A690-014E2EFC825F}.Release|Any CPU.Build.0 = Release|Any CPU
		{68E3D84D-9908-4065-A521-945F42DD80B4}.Debug|Any CPU.ActiveCfg = Debug|Any CPU
		{68E3D84D-9908-4065-A521-945F42DD80B4}.Debug|Any CPU.Build.0 = Debug|Any CPU
		{68E3D84D-9908-4065-A521-945F42DD80B4}.Release|Any CPU.ActiveCfg = Release|Any CPU
		{68E3D84D-9908-4065-A521-945F42DD80B4}.Release|Any CPU.Build.0 = Release|Any CPU
		{624B25DB-D35E-4AA5-974C-C66A74B58E9B}.Debug|Any CPU.ActiveCfg = Debug|Any CPU
		{624B25DB-D35E-4AA5-974C-C66A74B58E9B}.Debug|Any CPU.Build.0 = Debug|Any CPU
		{624B25DB-D35E-4AA5-974C-C66A74B58E9B}.Release|Any CPU.ActiveCfg = Release|Any CPU
		{624B25DB-D35E-4AA5-974C-C66A74B58E9B}.Release|Any CPU.Build.0 = Release|Any CPU
		{B053989E-69A9-4FFB-93B3-3691B94EF022}.Debug|Any CPU.ActiveCfg = Debug|Any CPU
		{B053989E-69A9-4FFB-93B3-3691B94EF022}.Debug|Any CPU.Build.0 = Debug|Any CPU
		{B053989E-69A9-4FFB-93B3-3691B94EF022}.Release|Any CPU.ActiveCfg = Release|Any CPU
		{B053989E-69A9-4FFB-93B3-3691B94EF022}.Release|Any CPU.Build.0 = Release|Any CPU
		{756095A0-B3D6-4480-8D04-8B6BFA2701CC}.Debug|Any CPU.ActiveCfg = Debug|Any CPU
		{756095A0-B3D6-4480-8D04-8B6BFA2701CC}.Debug|Any CPU.Build.0 = Debug|Any CPU
		{756095A0-B3D6-4480-8D04-8B6BFA2701CC}.Release|Any CPU.ActiveCfg = Release|Any CPU
		{756095A0-B3D6-4480-8D04-8B6BFA2701CC}.Release|Any CPU.Build.0 = Release|Any CPU
		{7AFE5CB7-70A0-41D0-8ECB-DAF97221A1DC}.Debug|Any CPU.ActiveCfg = Debug|Any CPU
		{7AFE5CB7-70A0-41D0-8ECB-DAF97221A1DC}.Debug|Any CPU.Build.0 = Debug|Any CPU
		{7AFE5CB7-70A0-41D0-8ECB-DAF97221A1DC}.Release|Any CPU.ActiveCfg = Release|Any CPU
		{7AFE5CB7-70A0-41D0-8ECB-DAF97221A1DC}.Release|Any CPU.Build.0 = Release|Any CPU
		{1F69C299-1D90-47A1-AB60-B492059D8B69}.Debug|Any CPU.ActiveCfg = Debug|Any CPU
		{1F69C299-1D90-47A1-AB60-B492059D8B69}.Debug|Any CPU.Build.0 = Debug|Any CPU
		{1F69C299-1D90-47A1-AB60-B492059D8B69}.Release|Any CPU.ActiveCfg = Release|Any CPU
		{1F69C299-1D90-47A1-AB60-B492059D8B69}.Release|Any CPU.Build.0 = Release|Any CPU
		{43C1B547-6F0B-4D76-BA70-D9AAA73AC562}.Debug|Any CPU.ActiveCfg = Debug|Any CPU
		{43C1B547-6F0B-4D76-BA70-D9AAA73AC562}.Debug|Any CPU.Build.0 = Debug|Any CPU
		{43C1B547-6F0B-4D76-BA70-D9AAA73AC562}.Release|Any CPU.ActiveCfg = Release|Any CPU
		{43C1B547-6F0B-4D76-BA70-D9AAA73AC562}.Release|Any CPU.Build.0 = Release|Any CPU
	EndGlobalSection
	GlobalSection(SolutionProperties) = preSolution
		HideSolutionNode = FALSE
	EndGlobalSection
	GlobalSection(ExtensibilityGlobals) = postSolution
		SolutionGuid = {66A32C6B-C357-4BE6-8AE3-103BBF7C1B6B}
	EndGlobalSection
EndGlobal
