
Microsoft Visual Studio Solution File, Format Version 12.00
# Visual Studio Version 16
VisualStudioVersion = 16.0.29926.136
MinimumVisualStudioVersion = 10.0.40219.1
Project("{FAE04EC0-301F-11D3-BF4B-00C04F79EFBC}") = "0.8", "0.8\0.8.csproj", "{F717B88C-7EF7-4693-9390-4ABD066643F3}"
EndProject
Global
	GlobalSection(SolutionConfigurationPlatforms) = preSolution
		Debug|Any CPU = Debug|Any CPU
		Release|Any CPU = Release|Any CPU
	EndGlobalSection
	GlobalSection(ProjectConfigurationPlatforms) = postSolution
		{F717B88C-7EF7-4693-9390-4ABD066643F3}.Debug|Any CPU.ActiveCfg = Debug|Any CPU
		{F717B88C-7EF7-4693-9390-4ABD066643F3}.Debug|Any CPU.Build.0 = Debug|Any CPU
		{F717B88C-7EF7-4693-9390-4ABD066643F3}.Release|Any CPU.ActiveCfg = Release|Any CPU
		{F717B88C-7EF7-4693-9390-4ABD066643F3}.Release|Any CPU.Build.0 = Release|Any CPU
	EndGlobalSection
	GlobalSection(SolutionProperties) = preSolution
		HideSolutionNode = FALSE
	EndGlobalSection
	GlobalSection(ExtensibilityGlobals) = postSolution
		SolutionGuid = {666B43C0-7BF9-4632-96F8-AF0757A88D90}
	EndGlobalSection
EndGlobal
