
Microsoft Visual Studio Solution File, Format Version 12.00
# Visual Studio Version 16
VisualStudioVersion = 16.0.29926.136
MinimumVisualStudioVersion = 10.0.40219.1
Project("{FAE04EC0-301F-11D3-BF4B-00C04F79EFBC}") = "Basic syntax exr", "Basic syntax exr\Basic syntax exr.csproj", "{CCF7ECFF-0941-4B70-8D75-D532620F5E5B}"
EndProject
Global
	GlobalSection(SolutionConfigurationPlatforms) = preSolution
		Debug|Any CPU = Debug|Any CPU
		Release|Any CPU = Release|Any CPU
	EndGlobalSection
	GlobalSection(ProjectConfigurationPlatforms) = postSolution
		{CCF7ECFF-0941-4B70-8D75-D532620F5E5B}.Debug|Any CPU.ActiveCfg = Debug|Any CPU
		{CCF7ECFF-0941-4B70-8D75-D532620F5E5B}.Debug|Any CPU.Build.0 = Debug|Any CPU
		{CCF7ECFF-0941-4B70-8D75-D532620F5E5B}.Release|Any CPU.ActiveCfg = Release|Any CPU
		{CCF7ECFF-0941-4B70-8D75-D532620F5E5B}.Release|Any CPU.Build.0 = Release|Any CPU
	EndGlobalSection
	GlobalSection(SolutionProperties) = preSolution
		HideSolutionNode = FALSE
	EndGlobalSection
	GlobalSection(ExtensibilityGlobals) = postSolution
		SolutionGuid = {6329929C-3765-48EA-93B0-D9F3E56C98C8}
	EndGlobalSection
EndGlobal
