
Microsoft Visual Studio Solution File, Format Version 12.00
# Visual Studio Version 16
VisualStudioVersion = 16.0.29926.136
MinimumVisualStudioVersion = 10.0.40219.1
Project("{9A19103F-16F7-4668-BE54-9A1E7A4F7556}") = "13. Methods", "13. Methods\13. Methods.csproj", "{77564BBC-E370-486B-879E-0EB3DFC484B6}"
EndProject
Project("{9A19103F-16F7-4668-BE54-9A1E7A4F7556}") = "Grade", "Grade\Grade.csproj", "{0A8E8351-DE13-4824-B8B5-69C83F54C48A}"
EndProject
Project("{9A19103F-16F7-4668-BE54-9A1E7A4F7556}") = "Calculations", "Calculations\Calculations.csproj", "{1DDB7697-5735-4525-AE8C-691D7AAF3EA9}"
EndProject
Project("{FAE04EC0-301F-11D3-BF4B-00C04F79EFBC}") = "Printing triangle", "Printing triangle\Printing triangle.csproj", "{18221D2A-D2FA-4138-B119-95CE871AEB4C}"
EndProject
Project("{FAE04EC0-301F-11D3-BF4B-00C04F79EFBC}") = "Orders", "Orders\Orders.csproj", "{60E7F90A-04AB-4CAD-9910-CBD41D85BA27}"
EndProject
Project("{FAE04EC0-301F-11D3-BF4B-00C04F79EFBC}") = "Rectangle area", "Rectangle area\Rectangle area.csproj", "{B6EB1094-4BFC-4343-A0D4-7100FCDA2FBD}"
EndProject
Project("{FAE04EC0-301F-11D3-BF4B-00C04F79EFBC}") = "repeat string", "repeat string\repeat string.csproj", "{4D9A697F-749F-4C4F-AEEF-1DFD6CEADE23}"
EndProject
Project("{FAE04EC0-301F-11D3-BF4B-00C04F79EFBC}") = "Math Power", "Math Power\Math Power.csproj", "{3C0643E5-BFD2-44D7-807B-E14ECA2174D4}"
EndProject
Project("{FAE04EC0-301F-11D3-BF4B-00C04F79EFBC}") = "ConsoleApp1", "ConsoleApp1\ConsoleApp1.csproj", "{05A4F63A-4DE9-4DFD-B2B6-0B0BEA1F9F52}"
EndProject
Project("{FAE04EC0-301F-11D3-BF4B-00C04F79EFBC}") = "Multiply evens and odds", "Multiply evens and odds\Multiply evens and odds.csproj", "{C5F653F0-082F-4A29-84C5-18477D0824E8}"
EndProject
Project("{FAE04EC0-301F-11D3-BF4B-00C04F79EFBC}") = "Math Operations", "Math Operations\Math Operations.csproj", "{5DD7A88F-65A5-4CA3-B2CB-C3B660C826D9}"
EndProject
Global
	GlobalSection(SolutionConfigurationPlatforms) = preSolution
		Debug|Any CPU = Debug|Any CPU
		Release|Any CPU = Release|Any CPU
	EndGlobalSection
	GlobalSection(ProjectConfigurationPlatforms) = postSolution
		{77564BBC-E370-486B-879E-0EB3DFC484B6}.Debug|Any CPU.ActiveCfg = Debug|Any CPU
		{77564BBC-E370-486B-879E-0EB3DFC484B6}.Debug|Any CPU.Build.0 = Debug|Any CPU
		{77564BBC-E370-486B-879E-0EB3DFC484B6}.Release|Any CPU.ActiveCfg = Release|Any CPU
		{77564BBC-E370-486B-879E-0EB3DFC484B6}.Release|Any CPU.Build.0 = Release|Any CPU
		{0A8E8351-DE13-4824-B8B5-69C83F54C48A}.Debug|Any CPU.ActiveCfg = Debug|Any CPU
		{0A8E8351-DE13-4824-B8B5-69C83F54C48A}.Debug|Any CPU.Build.0 = Debug|Any CPU
		{0A8E8351-DE13-4824-B8B5-69C83F54C48A}.Release|Any CPU.ActiveCfg = Release|Any CPU
		{0A8E8351-DE13-4824-B8B5-69C83F54C48A}.Release|Any CPU.Build.0 = Release|Any CPU
		{1DDB7697-5735-4525-AE8C-691D7AAF3EA9}.Debug|Any CPU.ActiveCfg = Debug|Any CPU
		{1DDB7697-5735-4525-AE8C-691D7AAF3EA9}.Debug|Any CPU.Build.0 = Debug|Any CPU
		{1DDB7697-5735-4525-AE8C-691D7AAF3EA9}.Release|Any CPU.ActiveCfg = Release|Any CPU
		{1DDB7697-5735-4525-AE8C-691D7AAF3EA9}.Release|Any CPU.Build.0 = Release|Any CPU
		{18221D2A-D2FA-4138-B119-95CE871AEB4C}.Debug|Any CPU.ActiveCfg = Debug|Any CPU
		{18221D2A-D2FA-4138-B119-95CE871AEB4C}.Debug|Any CPU.Build.0 = Debug|Any CPU
		{18221D2A-D2FA-4138-B119-95CE871AEB4C}.Release|Any CPU.ActiveCfg = Release|Any CPU
		{18221D2A-D2FA-4138-B119-95CE871AEB4C}.Release|Any CPU.Build.0 = Release|Any CPU
		{60E7F90A-04AB-4CAD-9910-CBD41D85BA27}.Debug|Any CPU.ActiveCfg = Debug|Any CPU
		{60E7F90A-04AB-4CAD-9910-CBD41D85BA27}.Debug|Any CPU.Build.0 = Debug|Any CPU
		{60E7F90A-04AB-4CAD-9910-CBD41D85BA27}.Release|Any CPU.ActiveCfg = Release|Any CPU
		{60E7F90A-04AB-4CAD-9910-CBD41D85BA27}.Release|Any CPU.Build.0 = Release|Any CPU
		{B6EB1094-4BFC-4343-A0D4-7100FCDA2FBD}.Debug|Any CPU.ActiveCfg = Debug|Any CPU
		{B6EB1094-4BFC-4343-A0D4-7100FCDA2FBD}.Debug|Any CPU.Build.0 = Debug|Any CPU
		{B6EB1094-4BFC-4343-A0D4-7100FCDA2FBD}.Release|Any CPU.ActiveCfg = Release|Any CPU
		{B6EB1094-4BFC-4343-A0D4-7100FCDA2FBD}.Release|Any CPU.Build.0 = Release|Any CPU
		{4D9A697F-749F-4C4F-AEEF-1DFD6CEADE23}.Debug|Any CPU.ActiveCfg = Debug|Any CPU
		{4D9A697F-749F-4C4F-AEEF-1DFD6CEADE23}.Debug|Any CPU.Build.0 = Debug|Any CPU
		{4D9A697F-749F-4C4F-AEEF-1DFD6CEADE23}.Release|Any CPU.ActiveCfg = Release|Any CPU
		{4D9A697F-749F-4C4F-AEEF-1DFD6CEADE23}.Release|Any CPU.Build.0 = Release|Any CPU
		{3C0643E5-BFD2-44D7-807B-E14ECA2174D4}.Debug|Any CPU.ActiveCfg = Debug|Any CPU
		{3C0643E5-BFD2-44D7-807B-E14ECA2174D4}.Debug|Any CPU.Build.0 = Debug|Any CPU
		{3C0643E5-BFD2-44D7-807B-E14ECA2174D4}.Release|Any CPU.ActiveCfg = Release|Any CPU
		{3C0643E5-BFD2-44D7-807B-E14ECA2174D4}.Release|Any CPU.Build.0 = Release|Any CPU
		{05A4F63A-4DE9-4DFD-B2B6-0B0BEA1F9F52}.Debug|Any CPU.ActiveCfg = Debug|Any CPU
		{05A4F63A-4DE9-4DFD-B2B6-0B0BEA1F9F52}.Debug|Any CPU.Build.0 = Debug|Any CPU
		{05A4F63A-4DE9-4DFD-B2B6-0B0BEA1F9F52}.Release|Any CPU.ActiveCfg = Release|Any CPU
		{05A4F63A-4DE9-4DFD-B2B6-0B0BEA1F9F52}.Release|Any CPU.Build.0 = Release|Any CPU
		{C5F653F0-082F-4A29-84C5-18477D0824E8}.Debug|Any CPU.ActiveCfg = Debug|Any CPU
		{C5F653F0-082F-4A29-84C5-18477D0824E8}.Debug|Any CPU.Build.0 = Debug|Any CPU
		{C5F653F0-082F-4A29-84C5-18477D0824E8}.Release|Any CPU.ActiveCfg = Release|Any CPU
		{C5F653F0-082F-4A29-84C5-18477D0824E8}.Release|Any CPU.Build.0 = Release|Any CPU
		{5DD7A88F-65A5-4CA3-B2CB-C3B660C826D9}.Debug|Any CPU.ActiveCfg = Debug|Any CPU
		{5DD7A88F-65A5-4CA3-B2CB-C3B660C826D9}.Debug|Any CPU.Build.0 = Debug|Any CPU
		{5DD7A88F-65A5-4CA3-B2CB-C3B660C826D9}.Release|Any CPU.ActiveCfg = Release|Any CPU
		{5DD7A88F-65A5-4CA3-B2CB-C3B660C826D9}.Release|Any CPU.Build.0 = Release|Any CPU
	EndGlobalSection
	GlobalSection(SolutionProperties) = preSolution
		HideSolutionNode = FALSE
	EndGlobalSection
	GlobalSection(ExtensibilityGlobals) = postSolution
		SolutionGuid = {0DB63B7A-67D4-4897-B1B9-7B4073DF4BB9}
	EndGlobalSection
EndGlobal
