
Microsoft Visual Studio Solution File, Format Version 12.00
# Visual Studio Version 16
VisualStudioVersion = 16.0.29926.136
MinimumVisualStudioVersion = 10.0.40219.1
Project("{9A19103F-16F7-4668-BE54-9A1E7A4F7556}") = "11. Arrays - More exercise", "11. Arrays - More exercise\11. Arrays - More exercise.csproj", "{72590614-7A56-468B-B65C-FCC92D36567C}"
EndProject
Project("{9A19103F-16F7-4668-BE54-9A1E7A4F7556}") = "Pascal triangle", "Pascal triangle\Pascal triangle.csproj", "{9167764F-0094-4377-8C6E-88B58ACA05E4}"
EndProject
Project("{9A19103F-16F7-4668-BE54-9A1E7A4F7556}") = "Recursive Fibonacci", "Recursive Fibonacci\Recursive Fibonacci.csproj", "{9106A0A0-62C9-4D0B-8EB7-CC51411B3FE2}"
EndProject
Project("{FAE04EC0-301F-11D3-BF4B-00C04F79EFBC}") = "Fold and Sum", "Fold and Sum\Fold and Sum.csproj", "{A72CBDA3-4D0D-4D54-9D45-A4EC80D09E43}"
EndProject
Project("{FAE04EC0-301F-11D3-BF4B-00C04F79EFBC}") = "Longest increasing subsequence", "Longest increasing subsequence\Longest increasing subsequence.csproj", "{55159749-2082-47E8-9936-D7018DADAF4A}"
EndProject
Global
	GlobalSection(SolutionConfigurationPlatforms) = preSolution
		Debug|Any CPU = Debug|Any CPU
		Release|Any CPU = Release|Any CPU
	EndGlobalSection
	GlobalSection(ProjectConfigurationPlatforms) = postSolution
		{72590614-7A56-468B-B65C-FCC92D36567C}.Debug|Any CPU.ActiveCfg = Debug|Any CPU
		{72590614-7A56-468B-B65C-FCC92D36567C}.Debug|Any CPU.Build.0 = Debug|Any CPU
		{72590614-7A56-468B-B65C-FCC92D36567C}.Release|Any CPU.ActiveCfg = Release|Any CPU
		{72590614-7A56-468B-B65C-FCC92D36567C}.Release|Any CPU.Build.0 = Release|Any CPU
		{9167764F-0094-4377-8C6E-88B58ACA05E4}.Debug|Any CPU.ActiveCfg = Debug|Any CPU
		{9167764F-0094-4377-8C6E-88B58ACA05E4}.Debug|Any CPU.Build.0 = Debug|Any CPU
		{9167764F-0094-4377-8C6E-88B58ACA05E4}.Release|Any CPU.ActiveCfg = Release|Any CPU
		{9167764F-0094-4377-8C6E-88B58ACA05E4}.Release|Any CPU.Build.0 = Release|Any CPU
		{9106A0A0-62C9-4D0B-8EB7-CC51411B3FE2}.Debug|Any CPU.ActiveCfg = Debug|Any CPU
		{9106A0A0-62C9-4D0B-8EB7-CC51411B3FE2}.Debug|Any CPU.Build.0 = Debug|Any CPU
		{9106A0A0-62C9-4D0B-8EB7-CC51411B3FE2}.Release|Any CPU.ActiveCfg = Release|Any CPU
		{9106A0A0-62C9-4D0B-8EB7-CC51411B3FE2}.Release|Any CPU.Build.0 = Release|Any CPU
		{A72CBDA3-4D0D-4D54-9D45-A4EC80D09E43}.Debug|Any CPU.ActiveCfg = Debug|Any CPU
		{A72CBDA3-4D0D-4D54-9D45-A4EC80D09E43}.Debug|Any CPU.Build.0 = Debug|Any CPU
		{A72CBDA3-4D0D-4D54-9D45-A4EC80D09E43}.Release|Any CPU.ActiveCfg = Release|Any CPU
		{A72CBDA3-4D0D-4D54-9D45-A4EC80D09E43}.Release|Any CPU.Build.0 = Release|Any CPU
		{55159749-2082-47E8-9936-D7018DADAF4A}.Debug|Any CPU.ActiveCfg = Debug|Any CPU
		{55159749-2082-47E8-9936-D7018DADAF4A}.Debug|Any CPU.Build.0 = Debug|Any CPU
		{55159749-2082-47E8-9936-D7018DADAF4A}.Release|Any CPU.ActiveCfg = Release|Any CPU
		{55159749-2082-47E8-9936-D7018DADAF4A}.Release|Any CPU.Build.0 = Release|Any CPU
	EndGlobalSection
	GlobalSection(SolutionProperties) = preSolution
		HideSolutionNode = FALSE
	EndGlobalSection
	GlobalSection(ExtensibilityGlobals) = postSolution
		SolutionGuid = {356AC0ED-AAFD-4012-B446-9DB9C71130FB}
	EndGlobalSection
EndGlobal
