
Microsoft Visual Studio Solution File, Format Version 12.00
# Visual Studio Version 16
VisualStudioVersion = 16.0.29926.136
MinimumVisualStudioVersion = 10.0.40219.1
Project("{FAE04EC0-301F-11D3-BF4B-00C04F79EFBC}") = "Text Processing - More Exercises", "Text Processing - More Exercises\Text Processing - More Exercises.csproj", "{0BB0C5E1-A295-4860-B61C-8A739B1608F9}"
EndProject
Project("{FAE04EC0-301F-11D3-BF4B-00C04F79EFBC}") = "02. ASCII Sumator", "02. ASCII Sumator\02. ASCII Sumator.csproj", "{0530DD34-A5C8-4DD9-B470-EEBD79A9DF23}"
EndProject
Project("{FAE04EC0-301F-11D3-BF4B-00C04F79EFBC}") = "03. Hidden Treasure", "03. Hidden Treasure\03. Hidden Treasure.csproj", "{5FABC8A8-0E7A-4185-A4B1-3F3D89E1F714}"
EndProject
Project("{FAE04EC0-301F-11D3-BF4B-00C04F79EFBC}") = "05. HTML", "05. HTML\05. HTML.csproj", "{EBEA6C88-560A-4E6B-BD53-8E9D45A84EAD}"
EndProject
Project("{FAE04EC0-301F-11D3-BF4B-00C04F79EFBC}") = "04. Morse Code", "04. Morse Code\04. Morse Code.csproj", "{FC63CDB0-516A-47D2-A9C1-813F546D181A}"
EndProject
Global
	GlobalSection(SolutionConfigurationPlatforms) = preSolution
		Debug|Any CPU = Debug|Any CPU
		Release|Any CPU = Release|Any CPU
	EndGlobalSection
	GlobalSection(ProjectConfigurationPlatforms) = postSolution
		{0BB0C5E1-A295-4860-B61C-8A739B1608F9}.Debug|Any CPU.ActiveCfg = Debug|Any CPU
		{0BB0C5E1-A295-4860-B61C-8A739B1608F9}.Debug|Any CPU.Build.0 = Debug|Any CPU
		{0BB0C5E1-A295-4860-B61C-8A739B1608F9}.Release|Any CPU.ActiveCfg = Release|Any CPU
		{0BB0C5E1-A295-4860-B61C-8A739B1608F9}.Release|Any CPU.Build.0 = Release|Any CPU
		{0530DD34-A5C8-4DD9-B470-EEBD79A9DF23}.Debug|Any CPU.ActiveCfg = Debug|Any CPU
		{0530DD34-A5C8-4DD9-B470-EEBD79A9DF23}.Debug|Any CPU.Build.0 = Debug|Any CPU
		{0530DD34-A5C8-4DD9-B470-EEBD79A9DF23}.Release|Any CPU.ActiveCfg = Release|Any CPU
		{0530DD34-A5C8-4DD9-B470-EEBD79A9DF23}.Release|Any CPU.Build.0 = Release|Any CPU
		{5FABC8A8-0E7A-4185-A4B1-3F3D89E1F714}.Debug|Any CPU.ActiveCfg = Debug|Any CPU
		{5FABC8A8-0E7A-4185-A4B1-3F3D89E1F714}.Debug|Any CPU.Build.0 = Debug|Any CPU
		{5FABC8A8-0E7A-4185-A4B1-3F3D89E1F714}.Release|Any CPU.ActiveCfg = Release|Any CPU
		{5FABC8A8-0E7A-4185-A4B1-3F3D89E1F714}.Release|Any CPU.Build.0 = Release|Any CPU
		{EBEA6C88-560A-4E6B-BD53-8E9D45A84EAD}.Debug|Any CPU.ActiveCfg = Debug|Any CPU
		{EBEA6C88-560A-4E6B-BD53-8E9D45A84EAD}.Debug|Any CPU.Build.0 = Debug|Any CPU
		{EBEA6C88-560A-4E6B-BD53-8E9D45A84EAD}.Release|Any CPU.ActiveCfg = Release|Any CPU
		{EBEA6C88-560A-4E6B-BD53-8E9D45A84EAD}.Release|Any CPU.Build.0 = Release|Any CPU
		{FC63CDB0-516A-47D2-A9C1-813F546D181A}.Debug|Any CPU.ActiveCfg = Debug|Any CPU
		{FC63CDB0-516A-47D2-A9C1-813F546D181A}.Debug|Any CPU.Build.0 = Debug|Any CPU
		{FC63CDB0-516A-47D2-A9C1-813F546D181A}.Release|Any CPU.ActiveCfg = Release|Any CPU
		{FC63CDB0-516A-47D2-A9C1-813F546D181A}.Release|Any CPU.Build.0 = Release|Any CPU
	EndGlobalSection
	GlobalSection(SolutionProperties) = preSolution
		HideSolutionNode = FALSE
	EndGlobalSection
	GlobalSection(ExtensibilityGlobals) = postSolution
		SolutionGuid = {3E54E8D4-1679-403D-944B-A285B64F360D}
	EndGlobalSection
EndGlobal
